// !$*UTF8*$!
{
	archiveVersion = 1;
	classes = {
	};
	objectVersion = 56;
	objects = {

/* Begin PBXBuildFile section */
		CEA449D32CAFE86100198F13 /* AppDelegate.swift in Sources */ = {isa = PBXBuildFile; fileRef = CEA449D22CAFE86100198F13 /* AppDelegate.swift */; };
		CEA449D52CAFE86100198F13 /* SceneDelegate.swift in Sources */ = {isa = PBXBuildFile; fileRef = CEA449D42CAFE86100198F13 /* SceneDelegate.swift */; };
		CEA449DC2CAFE86300198F13 /* Assets.xcassets in Resources */ = {isa = PBXBuildFile; fileRef = CEA449DB2CAFE86300198F13 /* Assets.xcassets */; };
		CEA449DF2CAFE86300198F13 /* LaunchScreen.storyboard in Resources */ = {isa = PBXBuildFile; fileRef = CEA449DD2CAFE86300198F13 /* LaunchScreen.storyboard */; };
		CEA449EC2CAFE95F00198F13 /* NetworkManager.swift in Sources */ = {isa = PBXBuildFile; fileRef = CEA449EB2CAFE95F00198F13 /* NetworkManager.swift */; };
		CEA449EE2CAFE97100198F13 /* ImageStorage.swift in Sources */ = {isa = PBXBuildFile; fileRef = CEA449ED2CAFE97100198F13 /* ImageStorage.swift */; };
		CEA449F02CAFEA0100198F13 /* CollectionImage.swift in Sources */ = {isa = PBXBuildFile; fileRef = CEA449EF2CAFEA0100198F13 /* CollectionImage.swift */; };
		CEA449F22CAFEF8800198F13 /* MainImageViewController.swift in Sources */ = {isa = PBXBuildFile; fileRef = CEA449F12CAFEF8800198F13 /* MainImageViewController.swift */; };
		CEA449F42CAFEFF100198F13 /* ImageViewModel.swift in Sources */ = {isa = PBXBuildFile; fileRef = CEA449F32CAFEFF100198F13 /* ImageViewModel.swift */; };
		CEA449F62CB0102600198F13 /* ImageCollectionViewCell.swift in Sources */ = {isa = PBXBuildFile; fileRef = CEA449F52CB0102600198F13 /* ImageCollectionViewCell.swift */; };
/* End PBXBuildFile section */

/* Begin PBXFileReference section */
		CEA449CF2CAFE86100198F13 /* CarImageDownloader.app */ = {isa = PBXFileReference; explicitFileType = wrapper.application; includeInIndex = 0; path = CarImageDownloader.app; sourceTree = BUILT_PRODUCTS_DIR; };
		CEA449D22CAFE86100198F13 /* AppDelegate.swift */ = {isa = PBXFileReference; lastKnownFileType = sourcecode.swift; path = AppDelegate.swift; sourceTree = "<group>"; };
		CEA449D42CAFE86100198F13 /* SceneDelegate.swift */ = {isa = PBXFileReference; lastKnownFileType = sourcecode.swift; path = SceneDelegate.swift; sourceTree = "<group>"; };
		CEA449DB2CAFE86300198F13 /* Assets.xcassets */ = {isa = PBXFileReference; lastKnownFileType = folder.assetcatalog; path = Assets.xcassets; sourceTree = "<group>"; };
		CEA449DE2CAFE86300198F13 /* Base */ = {isa = PBXFileReference; lastKnownFileType = file.storyboard; name = Base; path = Base.lproj/LaunchScreen.storyboard; sourceTree = "<group>"; };
		CEA449E02CAFE86300198F13 /* Info.plist */ = {isa = PBXFileReference; lastKnownFileType = text.plist.xml; name = Info.plist; path = CarImageDownloader/App/Info.plist; sourceTree = SOURCE_ROOT; };
		CEA449EB2CAFE95F00198F13 /* NetworkManager.swift */ = {isa = PBXFileReference; lastKnownFileType = sourcecode.swift; path = NetworkManager.swift; sourceTree = "<group>"; };
		CEA449ED2CAFE97100198F13 /* ImageStorage.swift */ = {isa = PBXFileReference; lastKnownFileType = sourcecode.swift; path = ImageStorage.swift; sourceTree = "<group>"; };
		CEA449EF2CAFEA0100198F13 /* CollectionImage.swift */ = {isa = PBXFileReference; lastKnownFileType = sourcecode.swift; path = CollectionImage.swift; sourceTree = "<group>"; };
		CEA449F12CAFEF8800198F13 /* MainImageViewController.swift */ = {isa = PBXFileReference; lastKnownFileType = sourcecode.swift; path = MainImageViewController.swift; sourceTree = "<group>"; };
		CEA449F32CAFEFF100198F13 /* ImageViewModel.swift */ = {isa = PBXFileReference; lastKnownFileType = sourcecode.swift; path = ImageViewModel.swift; sourceTree = "<group>"; };
		CEA449F52CB0102600198F13 /* ImageCollectionViewCell.swift */ = {isa = PBXFileReference; lastKnownFileType = sourcecode.swift; path = ImageCollectionViewCell.swift; sourceTree = "<group>"; };
/* End PBXFileReference section */

/* Begin PBXFrameworksBuildPhase section */
		CEA449CC2CAFE86100198F13 /* Frameworks */ = {
			isa = PBXFrameworksBuildPhase;
			buildActionMask = 2147483647;
			files = (
			);
			runOnlyForDeploymentPostprocessing = 0;
		};
/* End PBXFrameworksBuildPhase section */

/* Begin PBXGroup section */
		CEA449C62CAFE86100198F13 = {
			isa = PBXGroup;
			children = (
				CEA449D12CAFE86100198F13 /* CarImageDownloader */,
				CEA449D02CAFE86100198F13 /* Products */,
			);
			sourceTree = "<group>";
		};
		CEA449D02CAFE86100198F13 /* Products */ = {
			isa = PBXGroup;
			children = (
				CEA449CF2CAFE86100198F13 /* CarImageDownloader.app */,
			);
			name = Products;
			sourceTree = "<group>";
		};
		CEA449D12CAFE86100198F13 /* CarImageDownloader */ = {
			isa = PBXGroup;
			children = (
				CEA449F72CB1413900198F13 /* App */,
				CEA449E62CAFE8A200198F13 /* Models */,
				CEA449E72CAFE8AE00198F13 /* Views */,
				CEA449E82CAFE8BA00198F13 /* ViewModels */,
				CEA449E92CAFE8C400198F13 /* Service */,
				CEA449EA2CAFE8DC00198F13 /* Resources */,
			);
			path = CarImageDownloader;
			sourceTree = "<group>";
		};
		CEA449E62CAFE8A200198F13 /* Models */ = {
			isa = PBXGroup;
			children = (
				CEA449EF2CAFEA0100198F13 /* CollectionImage.swift */,
			);
			path = Models;
			sourceTree = "<group>";
		};
		CEA449E72CAFE8AE00198F13 /* Views */ = {
			isa = PBXGroup;
			children = (
				CEA449F12CAFEF8800198F13 /* MainImageViewController.swift */,
				CEA449F52CB0102600198F13 /* ImageCollectionViewCell.swift */,
			);
			path = Views;
			sourceTree = "<group>";
		};
		CEA449E82CAFE8BA00198F13 /* ViewModels */ = {
			isa = PBXGroup;
			children = (
				CEA449F32CAFEFF100198F13 /* ImageViewModel.swift */,
			);
			path = ViewModels;
			sourceTree = "<group>";
		};
		CEA449E92CAFE8C400198F13 /* Service */ = {
			isa = PBXGroup;
			children = (
				CEA449EB2CAFE95F00198F13 /* NetworkManager.swift */,
				CEA449ED2CAFE97100198F13 /* ImageStorage.swift */,
			);
			path = Service;
			sourceTree = "<group>";
		};
		CEA449EA2CAFE8DC00198F13 /* Resources */ = {
			isa = PBXGroup;
			children = (
				CEA449DD2CAFE86300198F13 /* LaunchScreen.storyboard */,
				CEA449DB2CAFE86300198F13 /* Assets.xcassets */,
			);
			path = Resources;
			sourceTree = "<group>";
		};
		CEA449F72CB1413900198F13 /* App */ = {
			isa = PBXGroup;
			children = (
				CEA449D22CAFE86100198F13 /* AppDelegate.swift */,
				CEA449D42CAFE86100198F13 /* SceneDelegate.swift */,
				CEA449E02CAFE86300198F13 /* Info.plist */,
			);
			path = App;
			sourceTree = "<group>";
		};
/* End PBXGroup section */

/* Begin PBXNativeTarget section */
		CEA449CE2CAFE86100198F13 /* CarImageDownloader */ = {
			isa = PBXNativeTarget;
			buildConfigurationList = CEA449E32CAFE86300198F13 /* Build configuration list for PBXNativeTarget "CarImageDownloader" */;
			buildPhases = (
				CEA449CB2CAFE86100198F13 /* Sources */,
				CEA449CC2CAFE86100198F13 /* Frameworks */,
				CEA449CD2CAFE86100198F13 /* Resources */,
			);
			buildRules = (
			);
			dependencies = (
			);
			name = CarImageDownloader;
			productName = CarImageDownloader;
			productReference = CEA449CF2CAFE86100198F13 /* CarImageDownloader.app */;
			productType = "com.apple.product-type.application";
		};
/* End PBXNativeTarget section */

/* Begin PBXProject section */
		CEA449C72CAFE86100198F13 /* Project object */ = {
			isa = PBXProject;
			attributes = {
				BuildIndependentTargetsInParallel = 1;
				LastSwiftUpdateCheck = 1410;
				LastUpgradeCheck = 1410;
				TargetAttributes = {
					CEA449CE2CAFE86100198F13 = {
						CreatedOnToolsVersion = 14.1;
					};
				};
			};
			buildConfigurationList = CEA449CA2CAFE86100198F13 /* Build configuration list for PBXProject "CarImageDownloader" */;
			compatibilityVersion = "Xcode 14.0";
			developmentRegion = en;
			hasScannedForEncodings = 0;
			knownRegions = (
				en,
				Base,
			);
			mainGroup = CEA449C62CAFE86100198F13;
			productRefGroup = CEA449D02CAFE86100198F13 /* Products */;
			projectDirPath = "";
			projectRoot = "";
			targets = (
				CEA449CE2CAFE86100198F13 /* CarImageDownloader */,
			);
		};
/* End PBXProject section */

/* Begin PBXResourcesBuildPhase section */
		CEA449CD2CAFE86100198F13 /* Resources */ = {
			isa = PBXResourcesBuildPhase;
			buildActionMask = 2147483647;
			files = (
				CEA449DF2CAFE86300198F13 /* LaunchScreen.storyboard in Resources */,
				CEA449DC2CAFE86300198F13 /* Assets.xcassets in Resources */,
			);
			runOnlyForDeploymentPostprocessing = 0;
		};
/* End PBXResourcesBuildPhase section */

/* Begin PBXSourcesBuildPhase section */
		CEA449CB2CAFE86100198F13 /* Sources */ = {
			isa = PBXSourcesBuildPhase;
			buildActionMask = 2147483647;
			files = (
				CEA449F42CAFEFF100198F13 /* ImageViewModel.swift in Sources */,
				CEA449EC2CAFE95F00198F13 /* NetworkManager.swift in Sources */,
				CEA449F62CB0102600198F13 /* ImageCollectionViewCell.swift in Sources */,
				CEA449F02CAFEA0100198F13 /* CollectionImage.swift in Sources */,
				CEA449EE2CAFE97100198F13 /* ImageStorage.swift in Sources */,
				CEA449D32CAFE86100198F13 /* AppDelegate.swift in Sources */,
				CEA449D52CAFE86100198F13 /* SceneDelegate.swift in Sources */,
				CEA449F22CAFEF8800198F13 /* MainImageViewController.swift in Sources */,
			);
			runOnlyForDeploymentPostprocessing = 0;
		};
/* End PBXSourcesBuildPhase section */

/* Begin PBXVariantGroup section */
		CEA449DD2CAFE86300198F13 /* LaunchScreen.storyboard */ = {
			isa = PBXVariantGroup;
			children = (
				CEA449DE2CAFE86300198F13 /* Base */,
			);
			name = LaunchScreen.storyboard;
			sourceTree = "<group>";
		};
/* End PBXVariantGroup section */

/* Begin XCBuildConfiguration section */
		CEA449E12CAFE86300198F13 /* Debug */ = {
			isa = XCBuildConfiguration;
			buildSettings = {
				ALWAYS_SEARCH_USER_PATHS = NO;
				CLANG_ANALYZER_NONNULL = YES;
				CLANG_ANALYZER_NUMBER_OBJECT_CONVERSION = YES_AGGRESSIVE;
				CLANG_CXX_LANGUAGE_STANDARD = "gnu++20";
				CLANG_ENABLE_MODULES = YES;
				CLANG_ENABLE_OBJC_ARC = YES;
				CLANG_ENABLE_OBJC_WEAK = YES;
				CLANG_WARN_BLOCK_CAPTURE_AUTORELEASING = YES;
				CLANG_WARN_BOOL_CONVERSION = YES;
				CLANG_WARN_COMMA = YES;
				CLANG_WARN_CONSTANT_CONVERSION = YES;
				CLANG_WARN_DEPRECATED_OBJC_IMPLEMENTATIONS = YES;
				CLANG_WARN_DIRECT_OBJC_ISA_USAGE = YES_ERROR;
				CLANG_WARN_DOCUMENTATION_COMMENTS = YES;
				CLANG_WARN_EMPTY_BODY = YES;
				CLANG_WARN_ENUM_CONVERSION = YES;
				CLANG_WARN_INFINITE_RECURSION = YES;
				CLANG_WARN_INT_CONVERSION = YES;
				CLANG_WARN_NON_LITERAL_NULL_CONVERSION = YES;
				CLANG_WARN_OBJC_IMPLICIT_RETAIN_SELF = YES;
				CLANG_WARN_OBJC_LITERAL_CONVERSION = YES;
				CLANG_WARN_OBJC_ROOT_CLASS = YES_ERROR;
				CLANG_WARN_QUOTED_INCLUDE_IN_FRAMEWORK_HEADER = YES;
				CLANG_WARN_RANGE_LOOP_ANALYSIS = YES;
				CLANG_WARN_STRICT_PROTOTYPES = YES;
				CLANG_WARN_SUSPICIOUS_MOVE = YES;
				CLANG_WARN_UNGUARDED_AVAILABILITY = YES_AGGRESSIVE;
				CLANG_WARN_UNREACHABLE_CODE = YES;
				CLANG_WARN__DUPLICATE_METHOD_MATCH = YES;
				COPY_PHASE_STRIP = NO;
				DEBUG_INFORMATION_FORMAT = dwarf;
				ENABLE_STRICT_OBJC_MSGSEND = YES;
				ENABLE_TESTABILITY = YES;
				GCC_C_LANGUAGE_STANDARD = gnu11;
				GCC_DYNAMIC_NO_PIC = NO;
				GCC_NO_COMMON_BLOCKS = YES;
				GCC_OPTIMIZATION_LEVEL = 0;
				GCC_PREPROCESSOR_DEFINITIONS = (
					"DEBUG=1",
					"$(inherited)",
				);
				GCC_WARN_64_TO_32_BIT_CONVERSION = YES;
				GCC_WARN_ABOUT_RETURN_TYPE = YES_ERROR;
				GCC_WARN_UNDECLARED_SELECTOR = YES;
				GCC_WARN_UNINITIALIZED_AUTOS = YES_AGGRESSIVE;
				GCC_WARN_UNUSED_FUNCTION = YES;
				GCC_WARN_UNUSED_VARIABLE = YES;
				IPHONEOS_DEPLOYMENT_TARGET = 16.1;
				MTL_ENABLE_DEBUG_INFO = INCLUDE_SOURCE;
				MTL_FAST_MATH = YES;
				ONLY_ACTIVE_ARCH = YES;
				SDKROOT = iphoneos;
				SWIFT_ACTIVE_COMPILATION_CONDITIONS = DEBUG;
				SWIFT_OPTIMIZATION_LEVEL = "-Onone";
			};
			name = Debug;
		};
		CEA449E22CAFE86300198F13 /* Release */ = {
			isa = XCBuildConfiguration;
			buildSettings = {
				ALWAYS_SEARCH_USER_PATHS = NO;
				CLANG_ANALYZER_NONNULL = YES;
				CLANG_ANALYZER_NUMBER_OBJECT_CONVERSION = YES_AGGRESSIVE;
				CLANG_CXX_LANGUAGE_STANDARD = "gnu++20";
				CLANG_ENABLE_MODULES = YES;
				CLANG_ENABLE_OBJC_ARC = YES;
				CLANG_ENABLE_OBJC_WEAK = YES;
				CLANG_WARN_BLOCK_CAPTURE_AUTORELEASING = YES;
				CLANG_WARN_BOOL_CONVERSION = YES;
				CLANG_WARN_COMMA = YES;
				CLANG_WARN_CONSTANT_CONVERSION = YES;
				CLANG_WARN_DEPRECATED_OBJC_IMPLEMENTATIONS = YES;
				CLANG_WARN_DIRECT_OBJC_ISA_USAGE = YES_ERROR;
				CLANG_WARN_DOCUMENTATION_COMMENTS = YES;
				CLANG_WARN_EMPTY_BODY = YES;
				CLANG_WARN_ENUM_CONVERSION = YES;
				CLANG_WARN_INFINITE_RECURSION = YES;
				CLANG_WARN_INT_CONVERSION = YES;
				CLANG_WARN_NON_LITERAL_NULL_CONVERSION = YES;
				CLANG_WARN_OBJC_IMPLICIT_RETAIN_SELF = YES;
				CLANG_WARN_OBJC_LITERAL_CONVERSION = YES;
				CLANG_WARN_OBJC_ROOT_CLASS = YES_ERROR;
				CLANG_WARN_QUOTED_INCLUDE_IN_FRAMEWORK_HEADER = YES;
				CLANG_WARN_RANGE_LOOP_ANALYSIS = YES;
				CLANG_WARN_STRICT_PROTOTYPES = YES;
				CLANG_WARN_SUSPICIOUS_MOVE = YES;
				CLANG_WARN_UNGUARDED_AVAILABILITY = YES_AGGRESSIVE;
				CLANG_WARN_UNREACHABLE_CODE = YES;
				CLANG_WARN__DUPLICATE_METHOD_MATCH = YES;
				COPY_PHASE_STRIP = NO;
				DEBUG_INFORMATION_FORMAT = "dwarf-with-dsym";
				ENABLE_NS_ASSERTIONS = NO;
				ENABLE_STRICT_OBJC_MSGSEND = YES;
				GCC_C_LANGUAGE_STANDARD = gnu11;
				GCC_NO_COMMON_BLOCKS = YES;
				GCC_WARN_64_TO_32_BIT_CONVERSION = YES;
				GCC_WARN_ABOUT_RETURN_TYPE = YES_ERROR;
				GCC_WARN_UNDECLARED_SELECTOR = YES;
				GCC_WARN_UNINITIALIZED_AUTOS = YES_AGGRESSIVE;
				GCC_WARN_UNUSED_FUNCTION = YES;
				GCC_WARN_UNUSED_VARIABLE = YES;
				IPHONEOS_DEPLOYMENT_TARGET = 16.1;
				MTL_ENABLE_DEBUG_INFO = NO;
				MTL_FAST_MATH = YES;
				SDKROOT = iphoneos;
				SWIFT_COMPILATION_MODE = wholemodule;
				SWIFT_OPTIMIZATION_LEVEL = "-O";
				VALIDATE_PRODUCT = YES;
			};
			name = Release;
		};
		CEA449E42CAFE86300198F13 /* Debug */ = {
			isa = XCBuildConfiguration;
			buildSettings = {
				ASSETCATALOG_COMPILER_APPICON_NAME = AppIcon;
				ASSETCATALOG_COMPILER_GLOBAL_ACCENT_COLOR_NAME = AccentColor;
				CODE_SIGN_STYLE = Automatic;
				CURRENT_PROJECT_VERSION = 1;
				GENERATE_INFOPLIST_FILE = YES;
				INFOPLIST_FILE = CarImageDownloader/App/Info.plist;
				INFOPLIST_KEY_UIApplicationSupportsIndirectInputEvents = YES;
				INFOPLIST_KEY_UILaunchStoryboardName = LaunchScreen;
				INFOPLIST_KEY_UISupportedInterfaceOrientations_iPad = "UIInterfaceOrientationPortrait UIInterfaceOrientationPortraitUpsideDown UIInterfaceOrientationLandscapeLeft UIInterfaceOrientationLandscapeRight";
				INFOPLIST_KEY_UISupportedInterfaceOrientations_iPhone = "UIInterfaceOrientationPortrait UIInterfaceOrientationLandscapeLeft UIInterfaceOrientationLandscapeRight";
				LD_RUNPATH_SEARCH_PATHS = (
					"$(inherited)",
					"@executable_path/Frameworks",
				);
				MARKETING_VERSION = 1.0;
				PRODUCT_BUNDLE_IDENTIFIER = com.lessons.CarImageDownloader;
				PRODUCT_NAME = "$(TARGET_NAME)";
				SWIFT_EMIT_LOC_STRINGS = YES;
				SWIFT_VERSION = 5.0;
				TARGETED_DEVICE_FAMILY = "1,2";
			};
			name = Debug;
		};
		CEA449E52CAFE86300198F13 /* Release */ = {
			isa = XCBuildConfiguration;
			buildSettings = {
				ASSETCATALOG_COMPILER_APPICON_NAME = AppIcon;
				ASSETCATALOG_COMPILER_GLOBAL_ACCENT_COLOR_NAME = AccentColor;
				CODE_SIGN_STYLE = Automatic;
				CURRENT_PROJECT_VERSION = 1;
				GENERATE_INFOPLIST_FILE = YES;
				INFOPLIST_FILE = CarImageDownloader/App/Info.plist;
				INFOPLIST_KEY_UIApplicationSupportsIndirectInputEvents = YES;
				INFOPLIST_KEY_UILaunchStoryboardName = LaunchScreen;
				INFOPLIST_KEY_UISupportedInterfaceOrientations_iPad = "UIInterfaceOrientationPortrait UIInterfaceOrientationPortraitUpsideDown UIInterfaceOrientationLandscapeLeft UIInterfaceOrientationLandscapeRight";
				INFOPLIST_KEY_UISupportedInterfaceOrientations_iPhone = "UIInterfaceOrientationPortrait UIInterfaceOrientationLandscapeLeft UIInterfaceOrientationLandscapeRight";
				LD_RUNPATH_SEARCH_PATHS = (
					"$(inherited)",
					"@executable_path/Frameworks",
				);
				MARKETING_VERSION = 1.0;
				PRODUCT_BUNDLE_IDENTIFIER = com.lessons.CarImageDownloader;
				PRODUCT_NAME = "$(TARGET_NAME)";
				SWIFT_EMIT_LOC_STRINGS = YES;
				SWIFT_VERSION = 5.0;
				TARGETED_DEVICE_FAMILY = "1,2";
			};
			name = Release;
		};
/* End XCBuildConfiguration section */

/* Begin XCConfigurationList section */
		CEA449CA2CAFE86100198F13 /* Build configuration list for PBXProject "CarImageDownloader" */ = {
			isa = XCConfigurationList;
			buildConfigurations = (
				CEA449E12CAFE86300198F13 /* Debug */,
				CEA449E22CAFE86300198F13 /* Release */,
			);
			defaultConfigurationIsVisible = 0;
			defaultConfigurationName = Release;
		};
		CEA449E32CAFE86300198F13 /* Build configuration list for PBXNativeTarget "CarImageDownloader" */ = {
			isa = XCConfigurationList;
			buildConfigurations = (
				CEA449E42CAFE86300198F13 /* Debug */,
				CEA449E52CAFE86300198F13 /* Release */,
			);
			defaultConfigurationIsVisible = 0;
			defaultConfigurationName = Release;
		};
/* End XCConfigurationList section */
	};
	rootObject = CEA449C72CAFE86100198F13 /* Project object */;
}
